{
  "nodes": {
    "nixpkgs": {
      "locked": {
        "lastModified": 1757020861,
        "narHash": "sha256-P+Yi0McTGoFQmxpAfH9J/1cL4G0oAcxyQZmk0Hz45Zc=",
        "owner": "NixOS",
        "repo": "nixpkgs",
        "rev": "b7a15f97ae09ce962c7cf679dd9182616c363830",
        "type": "github"
      },
      "original": {
        "owner": "NixOS",
        "repo": "nixpkgs",
        "type": "github"
      }
    },
    "root": {
      "inputs": {
        "nixpkgs": "nixpkgs"
      }
    }
  },
  "root": "root",
  "version": 7
}
